PODS:
  - Bolts (1.8.4):
    - Bolts/AppLinks (= 1.8.4)
    - Bolts/Tasks (= 1.8.4)
  - Bolts/AppLinks (1.8.4):
    - Bolts/Tasks
  - Bolts/Tasks (1.8.4)
  - FBAudienceNetwork (4.14.0)
  - FBSDKCoreKit (4.14.0):
    - Bolts (~> 1.7)
  - FBSDKShareKit (4.14.0):
    - FBSDKCoreKit
  - Parse (1.14.2):
    - Bolts/Tasks (~> 1.8)

DEPENDENCIES:
  - FBAudienceNetwork (~> 4.14)
  - FBSDKCoreKit (~> 4.14)
  - FBSDKShareKit (~> 4.14)
  - Parse (~> 1.14)

SPEC CHECKSUMS:
  Bolts: 8a7995239dbe724f9cba2248b766d48b7ebdd322
  FBAudienceNetwork: 483340b42f239d560cd3caf781e4ed35023ff724
  FBSDKCoreKit: 6e020b5db0b5bd1e01f5fb0902131befd129a502
  FBSDKShareKit: e8e5d4ccef69b41132fe33acda26db1e33143e33
  Parse: 4335d65f40cb3d43190d723144bbe1afb9c38230

PODFILE CHECKSUM: e80f1ce50932ed2137678e49130efa485952057d

COCOAPODS: 1.0.0.beta.1
